
Microsoft Visual Studio Solution File, Format Version 12.00
# Visual Studio 15
VisualStudioVersion = 15.0.26730.16
MinimumVisualStudioVersion = 10.0.40219.1
Project("{2150E333-8FDC-42A3-9474-1A3956D46DE8}") = "Runtimes", "Runtimes", "{259B38F3-F460-4298-BCDB-C39CADF0CAED}"
EndProject
Project("{2150E333-8FDC-42A3-9474-1A3956D46DE8}") = "Tiers", "Tiers", "{68DDA41A-C93F-4BA2-B1AB-9C983FD4FDB3}"
EndProject
Project("{FAE04EC0-301F-11D3-BF4B-00C04F79EFBC}") = "Library.Console", "Runtimes\Library.Console\Library.Console.csproj", "{EDF2C421-3FA8-4842-AE10-A540D4D9DEA1}"
EndProject
Project("{FAE04EC0-301F-11D3-BF4B-00C04F79EFBC}") = "Library.Mvc", "Tiers\Mvc\Library.Mvc\Library.Mvc.csproj", "{26AB804C-5FAB-40AA-A00B-6119D7F176C3}"
EndProject
Project("{FAE04EC0-301F-11D3-BF4B-00C04F79EFBC}") = "Library.Web", "Runtimes\Library.Web\Library.Web.csproj", "{1BAF700F-00A7-4201-928F-BFC1A2F6086F}"
EndProject
Project("{FAE04EC0-301F-11D3-BF4B-00C04F79EFBC}") = "Library.Service", "Runtimes\Library.Service\Library.Service.csproj", "{8F260057-D17D-4D91-BF0F-FD283EB23F68}"
EndProject
Project("{2150E333-8FDC-42A3-9474-1A3956D46DE8}") = "Services", "Services", "{0A62B970-1139-4678-A1AA-1A9B921EAC59}"
EndProject
Project("{2150E333-8FDC-42A3-9474-1A3956D46DE8}") = "Integration", "Integration", "{90700BA0-C009-4981-A354-E358DED19F2A}"
EndProject
Project("{FAE04EC0-301F-11D3-BF4B-00C04F79EFBC}") = "Library.Business.Services.Integration", "Tiers\Business\Integration\Library.Business.Services.Integration\Library.Business.Services.Integration.csproj", "{33AA1EB8-0602-473B-A4BE-A080EED71C71}"
EndProject
Project("{2150E333-8FDC-42A3-9474-1A3956D46DE8}") = "Authentication", "Authentication", "{9141699F-00C9-4C14-BB7B-7479EE261D34}"
EndProject
Project("{FAE04EC0-301F-11D3-BF4B-00C04F79EFBC}") = "Library.Business.Services.Authentication", "Tiers\Business\Authentication\Library.Business.Services.Authentication\Library.Business.Services.Authentication.csproj", "{9F86C2C2-41F6-45EF-B2A3-515BFE9DAEBF}"
EndProject
Project("{2150E333-8FDC-42A3-9474-1A3956D46DE8}") = "Book", "Book", "{1457E7B3-2042-4DCC-AD75-892D47EDA634}"
EndProject
Project("{FAE04EC0-301F-11D3-BF4B-00C04F79EFBC}") = "Library.Business.Services.Book", "Tiers\Business\Book\Library.Business.Services.Book\Library.Business.Services.Book.csproj", "{764F1F3C-DD4B-47B7-9099-8ADB18209740}"
EndProject
Project("{2150E333-8FDC-42A3-9474-1A3956D46DE8}") = "Provider", "Provider", "{574E4438-A450-4145-9555-CF6B659D7048}"
EndProject
Project("{FAE04EC0-301F-11D3-BF4B-00C04F79EFBC}") = "Library.Business.Services.Provider", "Tiers\Business\ItemProvider\Library.Business.Services.Provider\Library.Business.Services.Provider.csproj", "{20A72EC4-8438-4020-A629-6A46B47E56A4}"
EndProject
Project("{2150E333-8FDC-42A3-9474-1A3956D46DE8}") = "Data", "Data", "{4706905B-A344-440F-ABF9-C3F4F564DDBE}"
EndProject
Project("{2150E333-8FDC-42A3-9474-1A3956D46DE8}") = "Shared", "Shared", "{4B8508BA-C184-4CE8-9C07-89719493C4C8}"
EndProject
Project("{FAE04EC0-301F-11D3-BF4B-00C04F79EFBC}") = "Library.Business.Services", "Tiers\Business\Library.Business.Services\Library.Business.Services.csproj", "{7CCB141C-2B96-45E7-96BF-52EB1690FF52}"
EndProject
Project("{2150E333-8FDC-42A3-9474-1A3956D46DE8}") = "Bussiness", "Bussiness", "{5BECE7AA-D570-4318-8B96-1774F508ADAB}"
EndProject
Project("{2150E333-8FDC-42A3-9474-1A3956D46DE8}") = "Unit Test", "Unit Test", "{7456E363-FA94-46A3-8A10-BDC168C0912C}"
EndProject
Project("{FAE04EC0-301F-11D3-BF4B-00C04F79EFBC}") = "Library.Data.UnitTest", "Tiers\Unit Tests\Library.Data.UnitTest\Library.Data.UnitTest.csproj", "{EF3E1AB8-E4C5-4223-983B-21135F96ED91}"
EndProject
Project("{FAE04EC0-301F-11D3-BF4B-00C04F79EFBC}") = "Library.Common", "Tiers\Common\Library.Common\Library.Common.csproj", "{1E6D6DE7-3B55-4538-91D7-AD52D7C2B013}"
EndProject
Project("{FAE04EC0-301F-11D3-BF4B-00C04F79EFBC}") = "Library.Integration.Tests", "Tiers\Unit Tests\Library.Integration.Tests\Library.Integration.Tests.csproj", "{CE32F83B-4119-413B-9B87-316BE184237B}"
EndProject
Project("{FAE04EC0-301F-11D3-BF4B-00C04F79EFBC}") = "Library.Data.Entities", "Tiers\Data\Library.Data.Entities\Library.Data.Entities.csproj", "{88ABC499-F459-4779-8988-E6C775C65577}"
EndProject
Project("{FAE04EC0-301F-11D3-BF4B-00C04F79EFBC}") = "Library.Data.Author", "Tiers\Data\Library.Data.Author\Library.Data.Author.csproj", "{4E2FF1F4-4342-498F-BF44-4FE1847467CF}"
EndProject
Project("{FAE04EC0-301F-11D3-BF4B-00C04F79EFBC}") = "Library.Data.Books", "Tiers\Data\Library.Data.Books\Library.Data.Books.csproj", "{4E740B12-7633-41AA-A6C5-30C9E6A5CA94}"
EndProject
Project("{FAE04EC0-301F-11D3-BF4B-00C04F79EFBC}") = "Library.Data.Genres", "Tiers\Data\Library.Data.Genres\Library.Data.Genres.csproj", "{467C6CD2-A0E2-4984-B925-D3A56247EEC0}"
EndProject
Project("{FAE04EC0-301F-11D3-BF4B-00C04F79EFBC}") = "Library.Data.Publishers", "Tiers\Data\Library.Data.Publishers\Library.Data.Publishers.csproj", "{AA6AF7C8-327F-431E-9669-0BDB5859B50D}"
EndProject
Project("{FAE04EC0-301F-11D3-BF4B-00C04F79EFBC}") = "Library.Data.Racks", "Tiers\Data\Library.Data.Raks\Library.Data.Racks.csproj", "{5016F46A-5A90-4409-B813-5D0B3E6D9D9F}"
EndProject
Project("{FAE04EC0-301F-11D3-BF4B-00C04F79EFBC}") = "Library.Data.Roles", "Tiers\Data\Library.Data.Roles\Library.Data.Roles.csproj", "{9BB3CF11-A664-4A24-A620-13D7C0A4DF05}"
EndProject
Project("{FAE04EC0-301F-11D3-BF4B-00C04F79EFBC}") = "Library.Data.Series", "Data\Tiers\Library.Data.Series\Library.Data.Series.csproj", "{8A8F5504-DB42-46B7-9AFB-14C7D998466E}"
EndProject
Project("{FAE04EC0-301F-11D3-BF4B-00C04F79EFBC}") = "Library.Data.Shelfs", "Tiers\Data\Library.Data.Shelfs\Library.Data.Shelfs.csproj", "{7319C327-3CE2-4615-8449-ED4562CB5A1F}"
EndProject
Project("{FAE04EC0-301F-11D3-BF4B-00C04F79EFBC}") = "Library.Data.Users", "Tiers\Data\Library.Data.Users\Library.Data.Users.csproj", "{BC27B622-F2A5-4665-B6D6-1C1679635CA6}"
EndProject
Global
	GlobalSection(SolutionConfigurationPlatforms) = preSolution
		Debug|Any CPU = Debug|Any CPU
		Debug|x64 = Debug|x64
		Release|Any CPU = Release|Any CPU
		Release|x64 = Release|x64
	EndGlobalSection
	GlobalSection(ProjectConfigurationPlatforms) = postSolution
		{EDF2C421-3FA8-4842-AE10-A540D4D9DEA1}.Debug|Any CPU.ActiveCfg = Debug|Any CPU
		{EDF2C421-3FA8-4842-AE10-A540D4D9DEA1}.Debug|Any CPU.Build.0 = Debug|Any CPU
		{EDF2C421-3FA8-4842-AE10-A540D4D9DEA1}.Debug|x64.ActiveCfg = Debug|x64
		{EDF2C421-3FA8-4842-AE10-A540D4D9DEA1}.Debug|x64.Build.0 = Debug|x64
		{EDF2C421-3FA8-4842-AE10-A540D4D9DEA1}.Release|Any CPU.ActiveCfg = Release|Any CPU
		{EDF2C421-3FA8-4842-AE10-A540D4D9DEA1}.Release|Any CPU.Build.0 = Release|Any CPU
		{EDF2C421-3FA8-4842-AE10-A540D4D9DEA1}.Release|x64.ActiveCfg = Release|x64
		{EDF2C421-3FA8-4842-AE10-A540D4D9DEA1}.Release|x64.Build.0 = Release|x64
		{26AB804C-5FAB-40AA-A00B-6119D7F176C3}.Debug|Any CPU.ActiveCfg = Debug|Any CPU
		{26AB804C-5FAB-40AA-A00B-6119D7F176C3}.Debug|Any CPU.Build.0 = Debug|Any CPU
		{26AB804C-5FAB-40AA-A00B-6119D7F176C3}.Debug|x64.ActiveCfg = Debug|x64
		{26AB804C-5FAB-40AA-A00B-6119D7F176C3}.Debug|x64.Build.0 = Debug|x64
		{26AB804C-5FAB-40AA-A00B-6119D7F176C3}.Release|Any CPU.ActiveCfg = Release|Any CPU
		{26AB804C-5FAB-40AA-A00B-6119D7F176C3}.Release|Any CPU.Build.0 = Release|Any CPU
		{26AB804C-5FAB-40AA-A00B-6119D7F176C3}.Release|x64.ActiveCfg = Release|x64
		{26AB804C-5FAB-40AA-A00B-6119D7F176C3}.Release|x64.Build.0 = Release|x64
		{1BAF700F-00A7-4201-928F-BFC1A2F6086F}.Debug|Any CPU.ActiveCfg = Debug|Any CPU
		{1BAF700F-00A7-4201-928F-BFC1A2F6086F}.Debug|Any CPU.Build.0 = Debug|Any CPU
		{1BAF700F-00A7-4201-928F-BFC1A2F6086F}.Debug|x64.ActiveCfg = Debug|x64
		{1BAF700F-00A7-4201-928F-BFC1A2F6086F}.Debug|x64.Build.0 = Debug|x64
		{1BAF700F-00A7-4201-928F-BFC1A2F6086F}.Release|Any CPU.ActiveCfg = Release|Any CPU
		{1BAF700F-00A7-4201-928F-BFC1A2F6086F}.Release|Any CPU.Build.0 = Release|Any CPU
		{1BAF700F-00A7-4201-928F-BFC1A2F6086F}.Release|x64.ActiveCfg = Release|x64
		{1BAF700F-00A7-4201-928F-BFC1A2F6086F}.Release|x64.Build.0 = Release|x64
		{8F260057-D17D-4D91-BF0F-FD283EB23F68}.Debug|Any CPU.ActiveCfg = Debug|Any CPU
		{8F260057-D17D-4D91-BF0F-FD283EB23F68}.Debug|Any CPU.Build.0 = Debug|Any CPU
		{8F260057-D17D-4D91-BF0F-FD283EB23F68}.Debug|x64.ActiveCfg = Debug|Any CPU
		{8F260057-D17D-4D91-BF0F-FD283EB23F68}.Debug|x64.Build.0 = Debug|Any CPU
		{8F260057-D17D-4D91-BF0F-FD283EB23F68}.Release|Any CPU.ActiveCfg = Release|x64
		{8F260057-D17D-4D91-BF0F-FD283EB23F68}.Release|Any CPU.Build.0 = Release|x64
		{8F260057-D17D-4D91-BF0F-FD283EB23F68}.Release|x64.ActiveCfg = Release|x64
		{8F260057-D17D-4D91-BF0F-FD283EB23F68}.Release|x64.Build.0 = Release|x64
		{33AA1EB8-0602-473B-A4BE-A080EED71C71}.Debug|Any CPU.ActiveCfg = Debug|Any CPU
		{33AA1EB8-0602-473B-A4BE-A080EED71C71}.Debug|Any CPU.Build.0 = Debug|Any CPU
		{33AA1EB8-0602-473B-A4BE-A080EED71C71}.Debug|x64.ActiveCfg = Debug|Any CPU
		{33AA1EB8-0602-473B-A4BE-A080EED71C71}.Debug|x64.Build.0 = Debug|Any CPU
		{33AA1EB8-0602-473B-A4BE-A080EED71C71}.Release|Any CPU.ActiveCfg = Release|Any CPU
		{33AA1EB8-0602-473B-A4BE-A080EED71C71}.Release|Any CPU.Build.0 = Release|Any CPU
		{33AA1EB8-0602-473B-A4BE-A080EED71C71}.Release|x64.ActiveCfg = Release|Any CPU
		{33AA1EB8-0602-473B-A4BE-A080EED71C71}.Release|x64.Build.0 = Release|Any CPU
		{9F86C2C2-41F6-45EF-B2A3-515BFE9DAEBF}.Debug|Any CPU.ActiveCfg = Debug|Any CPU
		{9F86C2C2-41F6-45EF-B2A3-515BFE9DAEBF}.Debug|Any CPU.Build.0 = Debug|Any CPU
		{9F86C2C2-41F6-45EF-B2A3-515BFE9DAEBF}.Debug|x64.ActiveCfg = Debug|Any CPU
		{9F86C2C2-41F6-45EF-B2A3-515BFE9DAEBF}.Debug|x64.Build.0 = Debug|Any CPU
		{9F86C2C2-41F6-45EF-B2A3-515BFE9DAEBF}.Release|Any CPU.ActiveCfg = Release|Any CPU
		{9F86C2C2-41F6-45EF-B2A3-515BFE9DAEBF}.Release|Any CPU.Build.0 = Release|Any CPU
		{9F86C2C2-41F6-45EF-B2A3-515BFE9DAEBF}.Release|x64.ActiveCfg = Release|Any CPU
		{9F86C2C2-41F6-45EF-B2A3-515BFE9DAEBF}.Release|x64.Build.0 = Release|Any CPU
		{764F1F3C-DD4B-47B7-9099-8ADB18209740}.Debug|Any CPU.ActiveCfg = Debug|Any CPU
		{764F1F3C-DD4B-47B7-9099-8ADB18209740}.Debug|Any CPU.Build.0 = Debug|Any CPU
		{764F1F3C-DD4B-47B7-9099-8ADB18209740}.Debug|x64.ActiveCfg = Debug|Any CPU
		{764F1F3C-DD4B-47B7-9099-8ADB18209740}.Debug|x64.Build.0 = Debug|Any CPU
		{764F1F3C-DD4B-47B7-9099-8ADB18209740}.Release|Any CPU.ActiveCfg = Release|Any CPU
		{764F1F3C-DD4B-47B7-9099-8ADB18209740}.Release|Any CPU.Build.0 = Release|Any CPU
		{764F1F3C-DD4B-47B7-9099-8ADB18209740}.Release|x64.ActiveCfg = Release|Any CPU
		{764F1F3C-DD4B-47B7-9099-8ADB18209740}.Release|x64.Build.0 = Release|Any CPU
		{20A72EC4-8438-4020-A629-6A46B47E56A4}.Debug|Any CPU.ActiveCfg = Debug|Any CPU
		{20A72EC4-8438-4020-A629-6A46B47E56A4}.Debug|Any CPU.Build.0 = Debug|Any CPU
		{20A72EC4-8438-4020-A629-6A46B47E56A4}.Debug|x64.ActiveCfg = Debug|Any CPU
		{20A72EC4-8438-4020-A629-6A46B47E56A4}.Debug|x64.Build.0 = Debug|Any CPU
		{20A72EC4-8438-4020-A629-6A46B47E56A4}.Release|Any CPU.ActiveCfg = Release|Any CPU
		{20A72EC4-8438-4020-A629-6A46B47E56A4}.Release|Any CPU.Build.0 = Release|Any CPU
		{20A72EC4-8438-4020-A629-6A46B47E56A4}.Release|x64.ActiveCfg = Release|Any CPU
		{20A72EC4-8438-4020-A629-6A46B47E56A4}.Release|x64.Build.0 = Release|Any CPU
		{7CCB141C-2B96-45E7-96BF-52EB1690FF52}.Debug|Any CPU.ActiveCfg = Debug|Any CPU
		{7CCB141C-2B96-45E7-96BF-52EB1690FF52}.Debug|Any CPU.Build.0 = Debug|Any CPU
		{7CCB141C-2B96-45E7-96BF-52EB1690FF52}.Debug|x64.ActiveCfg = Debug|Any CPU
		{7CCB141C-2B96-45E7-96BF-52EB1690FF52}.Debug|x64.Build.0 = Debug|Any CPU
		{7CCB141C-2B96-45E7-96BF-52EB1690FF52}.Release|Any CPU.ActiveCfg = Release|Any CPU
		{7CCB141C-2B96-45E7-96BF-52EB1690FF52}.Release|Any CPU.Build.0 = Release|Any CPU
		{7CCB141C-2B96-45E7-96BF-52EB1690FF52}.Release|x64.ActiveCfg = Release|Any CPU
		{7CCB141C-2B96-45E7-96BF-52EB1690FF52}.Release|x64.Build.0 = Release|Any CPU
		{EF3E1AB8-E4C5-4223-983B-21135F96ED91}.Debug|Any CPU.ActiveCfg = Debug|Any CPU
		{EF3E1AB8-E4C5-4223-983B-21135F96ED91}.Debug|Any CPU.Build.0 = Debug|Any CPU
		{EF3E1AB8-E4C5-4223-983B-21135F96ED91}.Debug|x64.ActiveCfg = Debug|Any CPU
		{EF3E1AB8-E4C5-4223-983B-21135F96ED91}.Debug|x64.Build.0 = Debug|Any CPU
		{EF3E1AB8-E4C5-4223-983B-21135F96ED91}.Release|Any CPU.ActiveCfg = Release|Any CPU
		{EF3E1AB8-E4C5-4223-983B-21135F96ED91}.Release|Any CPU.Build.0 = Release|Any CPU
		{EF3E1AB8-E4C5-4223-983B-21135F96ED91}.Release|x64.ActiveCfg = Release|Any CPU
		{EF3E1AB8-E4C5-4223-983B-21135F96ED91}.Release|x64.Build.0 = Release|Any CPU
		{1E6D6DE7-3B55-4538-91D7-AD52D7C2B013}.Debug|Any CPU.ActiveCfg = Debug|Any CPU
		{1E6D6DE7-3B55-4538-91D7-AD52D7C2B013}.Debug|Any CPU.Build.0 = Debug|Any CPU
		{1E6D6DE7-3B55-4538-91D7-AD52D7C2B013}.Debug|x64.ActiveCfg = Debug|Any CPU
		{1E6D6DE7-3B55-4538-91D7-AD52D7C2B013}.Debug|x64.Build.0 = Debug|Any CPU
		{1E6D6DE7-3B55-4538-91D7-AD52D7C2B013}.Release|Any CPU.ActiveCfg = Release|Any CPU
		{1E6D6DE7-3B55-4538-91D7-AD52D7C2B013}.Release|Any CPU.Build.0 = Release|Any CPU
		{1E6D6DE7-3B55-4538-91D7-AD52D7C2B013}.Release|x64.ActiveCfg = Release|Any CPU
		{1E6D6DE7-3B55-4538-91D7-AD52D7C2B013}.Release|x64.Build.0 = Release|Any CPU
		{CE32F83B-4119-413B-9B87-316BE184237B}.Debug|Any CPU.ActiveCfg = Debug|Any CPU
		{CE32F83B-4119-413B-9B87-316BE184237B}.Debug|Any CPU.Build.0 = Debug|Any CPU
		{CE32F83B-4119-413B-9B87-316BE184237B}.Debug|x64.ActiveCfg = Debug|Any CPU
		{CE32F83B-4119-413B-9B87-316BE184237B}.Debug|x64.Build.0 = Debug|Any CPU
		{CE32F83B-4119-413B-9B87-316BE184237B}.Release|Any CPU.ActiveCfg = Release|Any CPU
		{CE32F83B-4119-413B-9B87-316BE184237B}.Release|Any CPU.Build.0 = Release|Any CPU
		{CE32F83B-4119-413B-9B87-316BE184237B}.Release|x64.ActiveCfg = Release|Any CPU
		{CE32F83B-4119-413B-9B87-316BE184237B}.Release|x64.Build.0 = Release|Any CPU
		{88ABC499-F459-4779-8988-E6C775C65577}.Debug|Any CPU.ActiveCfg = Debug|Any CPU
		{88ABC499-F459-4779-8988-E6C775C65577}.Debug|Any CPU.Build.0 = Debug|Any CPU
		{88ABC499-F459-4779-8988-E6C775C65577}.Debug|x64.ActiveCfg = Debug|Any CPU
		{88ABC499-F459-4779-8988-E6C775C65577}.Debug|x64.Build.0 = Debug|Any CPU
		{88ABC499-F459-4779-8988-E6C775C65577}.Release|Any CPU.ActiveCfg = Release|Any CPU
		{88ABC499-F459-4779-8988-E6C775C65577}.Release|Any CPU.Build.0 = Release|Any CPU
		{88ABC499-F459-4779-8988-E6C775C65577}.Release|x64.ActiveCfg = Release|Any CPU
		{88ABC499-F459-4779-8988-E6C775C65577}.Release|x64.Build.0 = Release|Any CPU
		{4E2FF1F4-4342-498F-BF44-4FE1847467CF}.Debug|Any CPU.ActiveCfg = Debug|Any CPU
		{4E2FF1F4-4342-498F-BF44-4FE1847467CF}.Debug|Any CPU.Build.0 = Debug|Any CPU
		{4E2FF1F4-4342-498F-BF44-4FE1847467CF}.Debug|x64.ActiveCfg = Debug|Any CPU
		{4E2FF1F4-4342-498F-BF44-4FE1847467CF}.Debug|x64.Build.0 = Debug|Any CPU
		{4E2FF1F4-4342-498F-BF44-4FE1847467CF}.Release|Any CPU.ActiveCfg = Release|Any CPU
		{4E2FF1F4-4342-498F-BF44-4FE1847467CF}.Release|Any CPU.Build.0 = Release|Any CPU
		{4E2FF1F4-4342-498F-BF44-4FE1847467CF}.Release|x64.ActiveCfg = Release|Any CPU
		{4E2FF1F4-4342-498F-BF44-4FE1847467CF}.Release|x64.Build.0 = Release|Any CPU
		{4E740B12-7633-41AA-A6C5-30C9E6A5CA94}.Debug|Any CPU.ActiveCfg = Debug|Any CPU
		{4E740B12-7633-41AA-A6C5-30C9E6A5CA94}.Debug|Any CPU.Build.0 = Debug|Any CPU
		{4E740B12-7633-41AA-A6C5-30C9E6A5CA94}.Debug|x64.ActiveCfg = Debug|Any CPU
		{4E740B12-7633-41AA-A6C5-30C9E6A5CA94}.Debug|x64.Build.0 = Debug|Any CPU
		{4E740B12-7633-41AA-A6C5-30C9E6A5CA94}.Release|Any CPU.ActiveCfg = Release|Any CPU
		{4E740B12-7633-41AA-A6C5-30C9E6A5CA94}.Release|Any CPU.Build.0 = Release|Any CPU
		{4E740B12-7633-41AA-A6C5-30C9E6A5CA94}.Release|x64.ActiveCfg = Release|Any CPU
		{4E740B12-7633-41AA-A6C5-30C9E6A5CA94}.Release|x64.Build.0 = Release|Any CPU
		{467C6CD2-A0E2-4984-B925-D3A56247EEC0}.Debug|Any CPU.ActiveCfg = Debug|Any CPU
		{467C6CD2-A0E2-4984-B925-D3A56247EEC0}.Debug|Any CPU.Build.0 = Debug|Any CPU
		{467C6CD2-A0E2-4984-B925-D3A56247EEC0}.Debug|x64.ActiveCfg = Debug|Any CPU
		{467C6CD2-A0E2-4984-B925-D3A56247EEC0}.Debug|x64.Build.0 = Debug|Any CPU
		{467C6CD2-A0E2-4984-B925-D3A56247EEC0}.Release|Any CPU.ActiveCfg = Release|Any CPU
		{467C6CD2-A0E2-4984-B925-D3A56247EEC0}.Release|Any CPU.Build.0 = Release|Any CPU
		{467C6CD2-A0E2-4984-B925-D3A56247EEC0}.Release|x64.ActiveCfg = Release|Any CPU
		{467C6CD2-A0E2-4984-B925-D3A56247EEC0}.Release|x64.Build.0 = Release|Any CPU
		{AA6AF7C8-327F-431E-9669-0BDB5859B50D}.Debug|Any CPU.ActiveCfg = Debug|Any CPU
		{AA6AF7C8-327F-431E-9669-0BDB5859B50D}.Debug|Any CPU.Build.0 = Debug|Any CPU
		{AA6AF7C8-327F-431E-9669-0BDB5859B50D}.Debug|x64.ActiveCfg = Debug|Any CPU
		{AA6AF7C8-327F-431E-9669-0BDB5859B50D}.Debug|x64.Build.0 = Debug|Any CPU
		{AA6AF7C8-327F-431E-9669-0BDB5859B50D}.Release|Any CPU.ActiveCfg = Release|Any CPU
		{AA6AF7C8-327F-431E-9669-0BDB5859B50D}.Release|Any CPU.Build.0 = Release|Any CPU
		{AA6AF7C8-327F-431E-9669-0BDB5859B50D}.Release|x64.ActiveCfg = Release|Any CPU
		{AA6AF7C8-327F-431E-9669-0BDB5859B50D}.Release|x64.Build.0 = Release|Any CPU
		{5016F46A-5A90-4409-B813-5D0B3E6D9D9F}.Debug|Any CPU.ActiveCfg = Debug|Any CPU
		{5016F46A-5A90-4409-B813-5D0B3E6D9D9F}.Debug|Any CPU.Build.0 = Debug|Any CPU
		{5016F46A-5A90-4409-B813-5D0B3E6D9D9F}.Debug|x64.ActiveCfg = Debug|Any CPU
		{5016F46A-5A90-4409-B813-5D0B3E6D9D9F}.Debug|x64.Build.0 = Debug|Any CPU
		{5016F46A-5A90-4409-B813-5D0B3E6D9D9F}.Release|Any CPU.ActiveCfg = Release|Any CPU
		{5016F46A-5A90-4409-B813-5D0B3E6D9D9F}.Release|Any CPU.Build.0 = Release|Any CPU
		{5016F46A-5A90-4409-B813-5D0B3E6D9D9F}.Release|x64.ActiveCfg = Release|Any CPU
		{5016F46A-5A90-4409-B813-5D0B3E6D9D9F}.Release|x64.Build.0 = Release|Any CPU
		{9BB3CF11-A664-4A24-A620-13D7C0A4DF05}.Debug|Any CPU.ActiveCfg = Debug|Any CPU
		{9BB3CF11-A664-4A24-A620-13D7C0A4DF05}.Debug|Any CPU.Build.0 = Debug|Any CPU
		{9BB3CF11-A664-4A24-A620-13D7C0A4DF05}.Debug|x64.ActiveCfg = Debug|Any CPU
		{9BB3CF11-A664-4A24-A620-13D7C0A4DF05}.Debug|x64.Build.0 = Debug|Any CPU
		{9BB3CF11-A664-4A24-A620-13D7C0A4DF05}.Release|Any CPU.ActiveCfg = Release|Any CPU
		{9BB3CF11-A664-4A24-A620-13D7C0A4DF05}.Release|Any CPU.Build.0 = Release|Any CPU
		{9BB3CF11-A664-4A24-A620-13D7C0A4DF05}.Release|x64.ActiveCfg = Release|Any CPU
		{9BB3CF11-A664-4A24-A620-13D7C0A4DF05}.Release|x64.Build.0 = Release|Any CPU
		{8A8F5504-DB42-46B7-9AFB-14C7D998466E}.Debug|Any CPU.ActiveCfg = Debug|Any CPU
		{8A8F5504-DB42-46B7-9AFB-14C7D998466E}.Debug|Any CPU.Build.0 = Debug|Any CPU
		{8A8F5504-DB42-46B7-9AFB-14C7D998466E}.Debug|x64.ActiveCfg = Debug|Any CPU
		{8A8F5504-DB42-46B7-9AFB-14C7D998466E}.Debug|x64.Build.0 = Debug|Any CPU
		{8A8F5504-DB42-46B7-9AFB-14C7D998466E}.Release|Any CPU.ActiveCfg = Release|Any CPU
		{8A8F5504-DB42-46B7-9AFB-14C7D998466E}.Release|Any CPU.Build.0 = Release|Any CPU
		{8A8F5504-DB42-46B7-9AFB-14C7D998466E}.Release|x64.ActiveCfg = Release|Any CPU
		{8A8F5504-DB42-46B7-9AFB-14C7D998466E}.Release|x64.Build.0 = Release|Any CPU
		{7319C327-3CE2-4615-8449-ED4562CB5A1F}.Debug|Any CPU.ActiveCfg = Debug|Any CPU
		{7319C327-3CE2-4615-8449-ED4562CB5A1F}.Debug|Any CPU.Build.0 = Debug|Any CPU
		{7319C327-3CE2-4615-8449-ED4562CB5A1F}.Debug|x64.ActiveCfg = Debug|Any CPU
		{7319C327-3CE2-4615-8449-ED4562CB5A1F}.Debug|x64.Build.0 = Debug|Any CPU
		{7319C327-3CE2-4615-8449-ED4562CB5A1F}.Release|Any CPU.ActiveCfg = Release|Any CPU
		{7319C327-3CE2-4615-8449-ED4562CB5A1F}.Release|Any CPU.Build.0 = Release|Any CPU
		{7319C327-3CE2-4615-8449-ED4562CB5A1F}.Release|x64.ActiveCfg = Release|Any CPU
		{7319C327-3CE2-4615-8449-ED4562CB5A1F}.Release|x64.Build.0 = Release|Any CPU
		{BC27B622-F2A5-4665-B6D6-1C1679635CA6}.Debug|Any CPU.ActiveCfg = Debug|Any CPU
		{BC27B622-F2A5-4665-B6D6-1C1679635CA6}.Debug|Any CPU.Build.0 = Debug|Any CPU
		{BC27B622-F2A5-4665-B6D6-1C1679635CA6}.Debug|x64.ActiveCfg = Debug|Any CPU
		{BC27B622-F2A5-4665-B6D6-1C1679635CA6}.Debug|x64.Build.0 = Debug|Any CPU
		{BC27B622-F2A5-4665-B6D6-1C1679635CA6}.Release|Any CPU.ActiveCfg = Release|Any CPU
		{BC27B622-F2A5-4665-B6D6-1C1679635CA6}.Release|Any CPU.Build.0 = Release|Any CPU
		{BC27B622-F2A5-4665-B6D6-1C1679635CA6}.Release|x64.ActiveCfg = Release|Any CPU
		{BC27B622-F2A5-4665-B6D6-1C1679635CA6}.Release|x64.Build.0 = Release|Any CPU
	EndGlobalSection
	GlobalSection(SolutionProperties) = preSolution
		HideSolutionNode = FALSE
	EndGlobalSection
	GlobalSection(NestedProjects) = preSolution
		{EDF2C421-3FA8-4842-AE10-A540D4D9DEA1} = {259B38F3-F460-4298-BCDB-C39CADF0CAED}
		{26AB804C-5FAB-40AA-A00B-6119D7F176C3} = {5BECE7AA-D570-4318-8B96-1774F508ADAB}
		{1BAF700F-00A7-4201-928F-BFC1A2F6086F} = {259B38F3-F460-4298-BCDB-C39CADF0CAED}
		{8F260057-D17D-4D91-BF0F-FD283EB23F68} = {259B38F3-F460-4298-BCDB-C39CADF0CAED}
		{0A62B970-1139-4678-A1AA-1A9B921EAC59} = {68DDA41A-C93F-4BA2-B1AB-9C983FD4FDB3}
		{90700BA0-C009-4981-A354-E358DED19F2A} = {0A62B970-1139-4678-A1AA-1A9B921EAC59}
		{33AA1EB8-0602-473B-A4BE-A080EED71C71} = {90700BA0-C009-4981-A354-E358DED19F2A}
		{9141699F-00C9-4C14-BB7B-7479EE261D34} = {0A62B970-1139-4678-A1AA-1A9B921EAC59}
		{9F86C2C2-41F6-45EF-B2A3-515BFE9DAEBF} = {9141699F-00C9-4C14-BB7B-7479EE261D34}
		{1457E7B3-2042-4DCC-AD75-892D47EDA634} = {0A62B970-1139-4678-A1AA-1A9B921EAC59}
		{764F1F3C-DD4B-47B7-9099-8ADB18209740} = {1457E7B3-2042-4DCC-AD75-892D47EDA634}
		{574E4438-A450-4145-9555-CF6B659D7048} = {0A62B970-1139-4678-A1AA-1A9B921EAC59}
		{20A72EC4-8438-4020-A629-6A46B47E56A4} = {574E4438-A450-4145-9555-CF6B659D7048}
		{4706905B-A344-440F-ABF9-C3F4F564DDBE} = {68DDA41A-C93F-4BA2-B1AB-9C983FD4FDB3}
		{4B8508BA-C184-4CE8-9C07-89719493C4C8} = {0A62B970-1139-4678-A1AA-1A9B921EAC59}
		{7CCB141C-2B96-45E7-96BF-52EB1690FF52} = {4B8508BA-C184-4CE8-9C07-89719493C4C8}
		{5BECE7AA-D570-4318-8B96-1774F508ADAB} = {68DDA41A-C93F-4BA2-B1AB-9C983FD4FDB3}
		{EF3E1AB8-E4C5-4223-983B-21135F96ED91} = {7456E363-FA94-46A3-8A10-BDC168C0912C}
		{1E6D6DE7-3B55-4538-91D7-AD52D7C2B013} = {68DDA41A-C93F-4BA2-B1AB-9C983FD4FDB3}
		{CE32F83B-4119-413B-9B87-316BE184237B} = {7456E363-FA94-46A3-8A10-BDC168C0912C}
		{88ABC499-F459-4779-8988-E6C775C65577} = {4706905B-A344-440F-ABF9-C3F4F564DDBE}
		{4E2FF1F4-4342-498F-BF44-4FE1847467CF} = {4706905B-A344-440F-ABF9-C3F4F564DDBE}
		{4E740B12-7633-41AA-A6C5-30C9E6A5CA94} = {4706905B-A344-440F-ABF9-C3F4F564DDBE}
		{467C6CD2-A0E2-4984-B925-D3A56247EEC0} = {4706905B-A344-440F-ABF9-C3F4F564DDBE}
		{AA6AF7C8-327F-431E-9669-0BDB5859B50D} = {4706905B-A344-440F-ABF9-C3F4F564DDBE}
		{5016F46A-5A90-4409-B813-5D0B3E6D9D9F} = {4706905B-A344-440F-ABF9-C3F4F564DDBE}
		{9BB3CF11-A664-4A24-A620-13D7C0A4DF05} = {4706905B-A344-440F-ABF9-C3F4F564DDBE}
		{8A8F5504-DB42-46B7-9AFB-14C7D998466E} = {4706905B-A344-440F-ABF9-C3F4F564DDBE}
		{7319C327-3CE2-4615-8449-ED4562CB5A1F} = {4706905B-A344-440F-ABF9-C3F4F564DDBE}
		{BC27B622-F2A5-4665-B6D6-1C1679635CA6} = {4706905B-A344-440F-ABF9-C3F4F564DDBE}
	EndGlobalSection
	GlobalSection(ExtensibilityGlobals) = postSolution
		SolutionGuid = {6C6B81BB-C0DB-4370-9CC5-CAB8CCB1CD2C}
	EndGlobalSection
EndGlobal
