
Microsoft Visual Studio Solution File, Format Version 12.00
# Visual Studio 14
VisualStudioVersion = 14.0.25420.1
MinimumVisualStudioVersion = 10.0.40219.1
Project("{2150E333-8FDC-42A3-9474-1A3956D46DE8}") = "Runtimes", "Runtimes", "{259B38F3-F460-4298-BCDB-C39CADF0CAED}"
EndProject
Project("{2150E333-8FDC-42A3-9474-1A3956D46DE8}") = "Tiers", "Tiers", "{68DDA41A-C93F-4BA2-B1AB-9C983FD4FDB3}"
EndProject
Project("{FAE04EC0-301F-11D3-BF4B-00C04F79EFBC}") = "Library.DataLayer", "Tiers\Data\Library.DataLayer\Library.DataLayer.csproj", "{75742107-3652-4B3F-93D3-E1DF7064D58F}"
EndProject
Project("{FAE04EC0-301F-11D3-BF4B-00C04F79EFBC}") = "Library.Console", "Runtimes\Library.Console\Library.Console.csproj", "{EDF2C421-3FA8-4842-AE10-A540D4D9DEA1}"
EndProject
Project("{FAE04EC0-301F-11D3-BF4B-00C04F79EFBC}") = "Library.Mvc", "Tiers\Mvc\Library.Mvc\Library.Mvc.csproj", "{26AB804C-5FAB-40AA-A00B-6119D7F176C3}"
EndProject
Project("{FAE04EC0-301F-11D3-BF4B-00C04F79EFBC}") = "Library.Web", "Runtimes\Library.Web\Library.Web.csproj", "{1BAF700F-00A7-4201-928F-BFC1A2F6086F}"
EndProject
Project("{FAE04EC0-301F-11D3-BF4B-00C04F79EFBC}") = "Library.Service", "Runtimes\Library.Service\Library.Service.csproj", "{8F260057-D17D-4D91-BF0F-FD283EB23F68}"
EndProject
Project("{2150E333-8FDC-42A3-9474-1A3956D46DE8}") = "Services", "Services", "{0A62B970-1139-4678-A1AA-1A9B921EAC59}"
EndProject
Project("{2150E333-8FDC-42A3-9474-1A3956D46DE8}") = "Integration", "Integration", "{90700BA0-C009-4981-A354-E358DED19F2A}"
EndProject
Project("{FAE04EC0-301F-11D3-BF4B-00C04F79EFBC}") = "Library.Business.Services.Integration", "Tiers\Business\Integration\Library.Business.Services.Integration\Library.Business.Services.Integration.csproj", "{33AA1EB8-0602-473B-A4BE-A080EED71C71}"
EndProject
Project("{2150E333-8FDC-42A3-9474-1A3956D46DE8}") = "Authentication", "Authentication", "{9141699F-00C9-4C14-BB7B-7479EE261D34}"
EndProject
Project("{FAE04EC0-301F-11D3-BF4B-00C04F79EFBC}") = "Library.Business.Services.Authentication", "Tiers\Business\Authentication\Library.Business.Services.Authentication\Library.Business.Services.Authentication.csproj", "{9F86C2C2-41F6-45EF-B2A3-515BFE9DAEBF}"
EndProject
Project("{2150E333-8FDC-42A3-9474-1A3956D46DE8}") = "Book", "Book", "{1457E7B3-2042-4DCC-AD75-892D47EDA634}"
EndProject
Project("{FAE04EC0-301F-11D3-BF4B-00C04F79EFBC}") = "Library.Business.Services.Book", "Tiers\Business\Book\Library.Business.Services.Book\Library.Business.Services.Book.csproj", "{764F1F3C-DD4B-47B7-9099-8ADB18209740}"
EndProject
Project("{2150E333-8FDC-42A3-9474-1A3956D46DE8}") = "Provider", "Provider", "{574E4438-A450-4145-9555-CF6B659D7048}"
EndProject
Project("{FAE04EC0-301F-11D3-BF4B-00C04F79EFBC}") = "Library.Business.Services.Provider", "Tiers\Business\ItemProvider\Library.Business.Services.Provider\Library.Business.Services.Provider.csproj", "{20A72EC4-8438-4020-A629-6A46B47E56A4}"
EndProject
Project("{2150E333-8FDC-42A3-9474-1A3956D46DE8}") = "Data", "Data", "{4706905B-A344-440F-ABF9-C3F4F564DDBE}"
EndProject
Project("{FAE04EC0-301F-11D3-BF4B-00C04F79EFBC}") = "Library.Data.Athentication", "Tiers\Data\Authentication\Library.Data.Athentication\Library.Data.Athentication.csproj", "{BC5AFA28-DE1E-47CD-A0BD-11E68BA47CA8}"
EndProject
Project("{FAE04EC0-301F-11D3-BF4B-00C04F79EFBC}") = "Library.Data.Book", "Tiers\Data\Book\Library.Data.Book\Library.Data.Book.csproj", "{5351D25E-AC4E-466E-B65E-1506B1432F10}"
EndProject
Global
	GlobalSection(SolutionConfigurationPlatforms) = preSolution
		Debug|Any CPU = Debug|Any CPU
		Debug|x64 = Debug|x64
		Release|Any CPU = Release|Any CPU
		Release|x64 = Release|x64
	EndGlobalSection
	GlobalSection(ProjectConfigurationPlatforms) = postSolution
		{75742107-3652-4B3F-93D3-E1DF7064D58F}.Debug|Any CPU.ActiveCfg = Debug|Any CPU
		{75742107-3652-4B3F-93D3-E1DF7064D58F}.Debug|Any CPU.Build.0 = Debug|Any CPU
		{75742107-3652-4B3F-93D3-E1DF7064D58F}.Debug|x64.ActiveCfg = Debug|x64
		{75742107-3652-4B3F-93D3-E1DF7064D58F}.Debug|x64.Build.0 = Debug|x64
		{75742107-3652-4B3F-93D3-E1DF7064D58F}.Release|Any CPU.ActiveCfg = Release|Any CPU
		{75742107-3652-4B3F-93D3-E1DF7064D58F}.Release|Any CPU.Build.0 = Release|Any CPU
		{75742107-3652-4B3F-93D3-E1DF7064D58F}.Release|x64.ActiveCfg = Release|x64
		{75742107-3652-4B3F-93D3-E1DF7064D58F}.Release|x64.Build.0 = Release|x64
		{EDF2C421-3FA8-4842-AE10-A540D4D9DEA1}.Debug|Any CPU.ActiveCfg = Debug|Any CPU
		{EDF2C421-3FA8-4842-AE10-A540D4D9DEA1}.Debug|Any CPU.Build.0 = Debug|Any CPU
		{EDF2C421-3FA8-4842-AE10-A540D4D9DEA1}.Debug|x64.ActiveCfg = Debug|x64
		{EDF2C421-3FA8-4842-AE10-A540D4D9DEA1}.Debug|x64.Build.0 = Debug|x64
		{EDF2C421-3FA8-4842-AE10-A540D4D9DEA1}.Release|Any CPU.ActiveCfg = Release|Any CPU
		{EDF2C421-3FA8-4842-AE10-A540D4D9DEA1}.Release|Any CPU.Build.0 = Release|Any CPU
		{EDF2C421-3FA8-4842-AE10-A540D4D9DEA1}.Release|x64.ActiveCfg = Release|x64
		{EDF2C421-3FA8-4842-AE10-A540D4D9DEA1}.Release|x64.Build.0 = Release|x64
		{26AB804C-5FAB-40AA-A00B-6119D7F176C3}.Debug|Any CPU.ActiveCfg = Debug|Any CPU
		{26AB804C-5FAB-40AA-A00B-6119D7F176C3}.Debug|Any CPU.Build.0 = Debug|Any CPU
		{26AB804C-5FAB-40AA-A00B-6119D7F176C3}.Debug|x64.ActiveCfg = Debug|x64
		{26AB804C-5FAB-40AA-A00B-6119D7F176C3}.Debug|x64.Build.0 = Debug|x64
		{26AB804C-5FAB-40AA-A00B-6119D7F176C3}.Release|Any CPU.ActiveCfg = Release|Any CPU
		{26AB804C-5FAB-40AA-A00B-6119D7F176C3}.Release|Any CPU.Build.0 = Release|Any CPU
		{26AB804C-5FAB-40AA-A00B-6119D7F176C3}.Release|x64.ActiveCfg = Release|x64
		{26AB804C-5FAB-40AA-A00B-6119D7F176C3}.Release|x64.Build.0 = Release|x64
		{1BAF700F-00A7-4201-928F-BFC1A2F6086F}.Debug|Any CPU.ActiveCfg = Debug|Any CPU
		{1BAF700F-00A7-4201-928F-BFC1A2F6086F}.Debug|Any CPU.Build.0 = Debug|Any CPU
		{1BAF700F-00A7-4201-928F-BFC1A2F6086F}.Debug|x64.ActiveCfg = Debug|x64
		{1BAF700F-00A7-4201-928F-BFC1A2F6086F}.Debug|x64.Build.0 = Debug|x64
		{1BAF700F-00A7-4201-928F-BFC1A2F6086F}.Release|Any CPU.ActiveCfg = Release|Any CPU
		{1BAF700F-00A7-4201-928F-BFC1A2F6086F}.Release|Any CPU.Build.0 = Release|Any CPU
		{1BAF700F-00A7-4201-928F-BFC1A2F6086F}.Release|x64.ActiveCfg = Release|x64
		{1BAF700F-00A7-4201-928F-BFC1A2F6086F}.Release|x64.Build.0 = Release|x64
		{8F260057-D17D-4D91-BF0F-FD283EB23F68}.Debug|Any CPU.ActiveCfg = Debug|Any CPU
		{8F260057-D17D-4D91-BF0F-FD283EB23F68}.Debug|Any CPU.Build.0 = Debug|Any CPU
		{8F260057-D17D-4D91-BF0F-FD283EB23F68}.Debug|x64.ActiveCfg = Debug|Any CPU
		{8F260057-D17D-4D91-BF0F-FD283EB23F68}.Debug|x64.Build.0 = Debug|Any CPU
		{8F260057-D17D-4D91-BF0F-FD283EB23F68}.Release|Any CPU.ActiveCfg = Release|Any CPU
		{8F260057-D17D-4D91-BF0F-FD283EB23F68}.Release|Any CPU.Build.0 = Release|Any CPU
		{8F260057-D17D-4D91-BF0F-FD283EB23F68}.Release|x64.ActiveCfg = Release|Any CPU
		{8F260057-D17D-4D91-BF0F-FD283EB23F68}.Release|x64.Build.0 = Release|Any CPU
		{33AA1EB8-0602-473B-A4BE-A080EED71C71}.Debug|Any CPU.ActiveCfg = Debug|Any CPU
		{33AA1EB8-0602-473B-A4BE-A080EED71C71}.Debug|Any CPU.Build.0 = Debug|Any CPU
		{33AA1EB8-0602-473B-A4BE-A080EED71C71}.Debug|x64.ActiveCfg = Debug|Any CPU
		{33AA1EB8-0602-473B-A4BE-A080EED71C71}.Debug|x64.Build.0 = Debug|Any CPU
		{33AA1EB8-0602-473B-A4BE-A080EED71C71}.Release|Any CPU.ActiveCfg = Release|Any CPU
		{33AA1EB8-0602-473B-A4BE-A080EED71C71}.Release|Any CPU.Build.0 = Release|Any CPU
		{33AA1EB8-0602-473B-A4BE-A080EED71C71}.Release|x64.ActiveCfg = Release|Any CPU
		{33AA1EB8-0602-473B-A4BE-A080EED71C71}.Release|x64.Build.0 = Release|Any CPU
		{9F86C2C2-41F6-45EF-B2A3-515BFE9DAEBF}.Debug|Any CPU.ActiveCfg = Debug|Any CPU
		{9F86C2C2-41F6-45EF-B2A3-515BFE9DAEBF}.Debug|Any CPU.Build.0 = Debug|Any CPU
		{9F86C2C2-41F6-45EF-B2A3-515BFE9DAEBF}.Debug|x64.ActiveCfg = Debug|Any CPU
		{9F86C2C2-41F6-45EF-B2A3-515BFE9DAEBF}.Debug|x64.Build.0 = Debug|Any CPU
		{9F86C2C2-41F6-45EF-B2A3-515BFE9DAEBF}.Release|Any CPU.ActiveCfg = Release|Any CPU
		{9F86C2C2-41F6-45EF-B2A3-515BFE9DAEBF}.Release|Any CPU.Build.0 = Release|Any CPU
		{9F86C2C2-41F6-45EF-B2A3-515BFE9DAEBF}.Release|x64.ActiveCfg = Release|Any CPU
		{9F86C2C2-41F6-45EF-B2A3-515BFE9DAEBF}.Release|x64.Build.0 = Release|Any CPU
		{764F1F3C-DD4B-47B7-9099-8ADB18209740}.Debug|Any CPU.ActiveCfg = Debug|Any CPU
		{764F1F3C-DD4B-47B7-9099-8ADB18209740}.Debug|Any CPU.Build.0 = Debug|Any CPU
		{764F1F3C-DD4B-47B7-9099-8ADB18209740}.Debug|x64.ActiveCfg = Debug|Any CPU
		{764F1F3C-DD4B-47B7-9099-8ADB18209740}.Debug|x64.Build.0 = Debug|Any CPU
		{764F1F3C-DD4B-47B7-9099-8ADB18209740}.Release|Any CPU.ActiveCfg = Release|Any CPU
		{764F1F3C-DD4B-47B7-9099-8ADB18209740}.Release|Any CPU.Build.0 = Release|Any CPU
		{764F1F3C-DD4B-47B7-9099-8ADB18209740}.Release|x64.ActiveCfg = Release|Any CPU
		{764F1F3C-DD4B-47B7-9099-8ADB18209740}.Release|x64.Build.0 = Release|Any CPU
		{20A72EC4-8438-4020-A629-6A46B47E56A4}.Debug|Any CPU.ActiveCfg = Debug|Any CPU
		{20A72EC4-8438-4020-A629-6A46B47E56A4}.Debug|Any CPU.Build.0 = Debug|Any CPU
		{20A72EC4-8438-4020-A629-6A46B47E56A4}.Debug|x64.ActiveCfg = Debug|Any CPU
		{20A72EC4-8438-4020-A629-6A46B47E56A4}.Debug|x64.Build.0 = Debug|Any CPU
		{20A72EC4-8438-4020-A629-6A46B47E56A4}.Release|Any CPU.ActiveCfg = Release|Any CPU
		{20A72EC4-8438-4020-A629-6A46B47E56A4}.Release|Any CPU.Build.0 = Release|Any CPU
		{20A72EC4-8438-4020-A629-6A46B47E56A4}.Release|x64.ActiveCfg = Release|Any CPU
		{20A72EC4-8438-4020-A629-6A46B47E56A4}.Release|x64.Build.0 = Release|Any CPU
		{BC5AFA28-DE1E-47CD-A0BD-11E68BA47CA8}.Debug|Any CPU.ActiveCfg = Debug|Any CPU
		{BC5AFA28-DE1E-47CD-A0BD-11E68BA47CA8}.Debug|Any CPU.Build.0 = Debug|Any CPU
		{BC5AFA28-DE1E-47CD-A0BD-11E68BA47CA8}.Debug|x64.ActiveCfg = Debug|Any CPU
		{BC5AFA28-DE1E-47CD-A0BD-11E68BA47CA8}.Debug|x64.Build.0 = Debug|Any CPU
		{BC5AFA28-DE1E-47CD-A0BD-11E68BA47CA8}.Release|Any CPU.ActiveCfg = Release|Any CPU
		{BC5AFA28-DE1E-47CD-A0BD-11E68BA47CA8}.Release|Any CPU.Build.0 = Release|Any CPU
		{BC5AFA28-DE1E-47CD-A0BD-11E68BA47CA8}.Release|x64.ActiveCfg = Release|Any CPU
		{BC5AFA28-DE1E-47CD-A0BD-11E68BA47CA8}.Release|x64.Build.0 = Release|Any CPU
		{5351D25E-AC4E-466E-B65E-1506B1432F10}.Debug|Any CPU.ActiveCfg = Debug|Any CPU
		{5351D25E-AC4E-466E-B65E-1506B1432F10}.Debug|Any CPU.Build.0 = Debug|Any CPU
		{5351D25E-AC4E-466E-B65E-1506B1432F10}.Debug|x64.ActiveCfg = Debug|Any CPU
		{5351D25E-AC4E-466E-B65E-1506B1432F10}.Debug|x64.Build.0 = Debug|Any CPU
		{5351D25E-AC4E-466E-B65E-1506B1432F10}.Release|Any CPU.ActiveCfg = Release|Any CPU
		{5351D25E-AC4E-466E-B65E-1506B1432F10}.Release|Any CPU.Build.0 = Release|Any CPU
		{5351D25E-AC4E-466E-B65E-1506B1432F10}.Release|x64.ActiveCfg = Release|Any CPU
		{5351D25E-AC4E-466E-B65E-1506B1432F10}.Release|x64.Build.0 = Release|Any CPU
	EndGlobalSection
	GlobalSection(SolutionProperties) = preSolution
		HideSolutionNode = FALSE
	EndGlobalSection
	GlobalSection(NestedProjects) = preSolution
		{75742107-3652-4B3F-93D3-E1DF7064D58F} = {4706905B-A344-440F-ABF9-C3F4F564DDBE}
		{EDF2C421-3FA8-4842-AE10-A540D4D9DEA1} = {259B38F3-F460-4298-BCDB-C39CADF0CAED}
		{26AB804C-5FAB-40AA-A00B-6119D7F176C3} = {68DDA41A-C93F-4BA2-B1AB-9C983FD4FDB3}
		{1BAF700F-00A7-4201-928F-BFC1A2F6086F} = {259B38F3-F460-4298-BCDB-C39CADF0CAED}
		{8F260057-D17D-4D91-BF0F-FD283EB23F68} = {259B38F3-F460-4298-BCDB-C39CADF0CAED}
		{0A62B970-1139-4678-A1AA-1A9B921EAC59} = {68DDA41A-C93F-4BA2-B1AB-9C983FD4FDB3}
		{90700BA0-C009-4981-A354-E358DED19F2A} = {0A62B970-1139-4678-A1AA-1A9B921EAC59}
		{33AA1EB8-0602-473B-A4BE-A080EED71C71} = {90700BA0-C009-4981-A354-E358DED19F2A}
		{9141699F-00C9-4C14-BB7B-7479EE261D34} = {0A62B970-1139-4678-A1AA-1A9B921EAC59}
		{9F86C2C2-41F6-45EF-B2A3-515BFE9DAEBF} = {9141699F-00C9-4C14-BB7B-7479EE261D34}
		{1457E7B3-2042-4DCC-AD75-892D47EDA634} = {0A62B970-1139-4678-A1AA-1A9B921EAC59}
		{764F1F3C-DD4B-47B7-9099-8ADB18209740} = {1457E7B3-2042-4DCC-AD75-892D47EDA634}
		{574E4438-A450-4145-9555-CF6B659D7048} = {0A62B970-1139-4678-A1AA-1A9B921EAC59}
		{20A72EC4-8438-4020-A629-6A46B47E56A4} = {574E4438-A450-4145-9555-CF6B659D7048}
		{4706905B-A344-440F-ABF9-C3F4F564DDBE} = {68DDA41A-C93F-4BA2-B1AB-9C983FD4FDB3}
		{BC5AFA28-DE1E-47CD-A0BD-11E68BA47CA8} = {4706905B-A344-440F-ABF9-C3F4F564DDBE}
		{5351D25E-AC4E-466E-B65E-1506B1432F10} = {4706905B-A344-440F-ABF9-C3F4F564DDBE}
	EndGlobalSection
	GlobalSection(AutomaticVersions) = postSolution
		PrimaryVersionType = AssemblyVersionAttribute
		UpdateAssemblyVersion = True
		UpdateAssemblyFileVersion = True
		UpdateAssemblyInfoVersion = True
		AssemblyVersionSettings = None.None.None.Increment
		AssemblyFileVersionSettings = None.None.None.Increment
		AssemblyInfoVersionSettings = None.None.None.Increment
	EndGlobalSection
EndGlobal
